{
  "name": "WebDesignFinal",
  "lockfileVersion": 3,
  "requires": true,
  "packages": {
    "": {
      "dependencies": {
        "jquery": "^4.0.0-beta"
      }
    },
    "node_modules/jquery": {
      "version": "4.0.0-beta",
      "resolved": "https://registry.npmjs.org/jquery/-/jquery-4.0.0-beta.tgz",
      "integrity": "sha512-F/LxAJ1KuoIfS5j6T5R57YceLJfXjwBl5hJ9za2itWyCy24YqU5R/DzRf76RrpeHfpJgQyqwnPbUQbjSfoEBcQ=="
    }
  }
}
